// !$*UTF8*$!
{
	archiveVersion = 1;
	classes = {
	};
	objectVersion = 56;
	objects = {

/* Begin PBXBuildFile section */
		014EBDDA2ADD202200089A37 /* xctPredictMeet.swift in Sources */ = {isa = PBXBuildFile; fileRef = 014EBDA52ADD202100089A37 /* xctPredictMeet.swift */; };
		014EBDDB2ADD202200089A37 /* crssInstanceCome.swift in Sources */ = {isa = PBXBuildFile; fileRef = 014EBDA62ADD202100089A37 /* crssInstanceCome.swift */; };
		014EBDDC2ADD202200089A37 /* bttmAddressSure.swift in Sources */ = {isa = PBXBuildFile; fileRef = 014EBDA72ADD202100089A37 /* bttmAddressSure.swift */; };
		014EBDDD2ADD202200089A37 /* pricConsumeTask.swift in Sources */ = {isa = PBXBuildFile; fileRef = 014EBDA82ADD202100089A37 /* pricConsumeTask.swift */; };
		014EBDDE2ADD202200089A37 /* slidDecisionStep.swift in Sources */ = {isa = PBXBuildFile; fileRef = 014EBDA92ADD202100089A37 /* slidDecisionStep.swift */; };
		014EBDDF2ADD202200089A37 /* ffctPaymentYear.swift in Sources */ = {isa = PBXBuildFile; fileRef = 014EBDAA2ADD202100089A37 /* ffctPaymentYear.swift */; };
		014EBDE02ADD202200089A37 /* chrgInhibitSuch.swift in Sources */ = {isa = PBXBuildFile; fileRef = 014EBDAB2ADD202100089A37 /* chrgInhibitSuch.swift */; };
		014EBDE12ADD202200089A37 /* dcidCopyrightVice.swift in Sources */ = {isa = PBXBuildFile; fileRef = 014EBDAC2ADD202100089A37 /* dcidCopyrightVice.swift */; };
		014EBDE22ADD202200089A37 /* lrgBetweenRate.swift in Sources */ = {isa = PBXBuildFile; fileRef = 014EBDAD2ADD202100089A37 /* lrgBetweenRate.swift */; };
		014EBDE32ADD202200089A37 /* printExcludeRule.swift in Sources */ = {isa = PBXBuildFile; fileRef = 014EBDAE2ADD202100089A37 /* printExcludeRule.swift */; };
		014EBDE42ADD202200089A37 /* dmgDescribeIdea.swift in Sources */ = {isa = PBXBuildFile; fileRef = 014EBDAF2ADD202100089A37 /* dmgDescribeIdea.swift */; };
		014EBDE52ADD202200089A37 /* inptExpressSign.swift in Sources */ = {isa = PBXBuildFile; fileRef = 014EBDB02ADD202100089A37 /* inptExpressSign.swift */; };
		014EBDE62ADD202200089A37 /* psProcessPart.swift in Sources */ = {isa = PBXBuildFile; fileRef = 014EBDB12ADD202100089A37 /* psProcessPart.swift */; };
		014EBDE72ADD202200089A37 /* ngtCombineGiga.swift in Sources */ = {isa = PBXBuildFile; fileRef = 014EBDB22ADD202100089A37 /* ngtCombineGiga.swift */; };
		014EBDE82ADD202200089A37 /* brnchReflectMany.swift in Sources */ = {isa = PBXBuildFile; fileRef = 014EBDB32ADD202100089A37 /* brnchReflectMany.swift */; };
		014EBDE92ADD202200089A37 /* lssnConnectZero.swift in Sources */ = {isa = PBXBuildFile; fileRef = 014EBDB42ADD202100089A37 /* lssnConnectZero.swift */; };
		014EBDEA2ADD202200089A37 /* tlntHerculesFind.swift in Sources */ = {isa = PBXBuildFile; fileRef = 014EBDB52ADD202100089A37 /* tlntHerculesFind.swift */; };
		014EBDEB2ADD202200089A37 /* inptForwardPack.swift in Sources */ = {isa = PBXBuildFile; fileRef = 014EBDB62ADD202100089A37 /* inptForwardPack.swift */; };
		014EBDEC2ADD202200089A37 /* lwstCompanyWish.swift in Sources */ = {isa = PBXBuildFile; fileRef = 014EBDB72ADD202100089A37 /* lwstCompanyWish.swift */; };
		014EBDED2ADD202200089A37 /* thghPictureBook.swift in Sources */ = {isa = PBXBuildFile; fileRef = 014EBDB82ADD202100089A37 /* thghPictureBook.swift */; };
		014EBDEE2ADD202200089A37 /* npckPhoenixPart.swift in Sources */ = {isa = PBXBuildFile; fileRef = 014EBDB92ADD202100089A37 /* npckPhoenixPart.swift */; };
		014EBDEF2ADD202200089A37 /* blckStructurePast.swift in Sources */ = {isa = PBXBuildFile; fileRef = 014EBDBA2ADD202100089A37 /* blckStructurePast.swift */; };
		014EBDF02ADD202200089A37 /* slidConnectEven.swift in Sources */ = {isa = PBXBuildFile; fileRef = 014EBDBB2ADD202100089A37 /* slidConnectEven.swift */; };
		014EBDF12ADD202200089A37 /* lphExtensionKnow.swift in Sources */ = {isa = PBXBuildFile; fileRef = 014EBDBC2ADD202100089A37 /* lphExtensionKnow.swift */; };
		014EBDF22ADD202200089A37 /* lssnEmphasizeStep.swift in Sources */ = {isa = PBXBuildFile; fileRef = 014EBDBD2ADD202100089A37 /* lssnEmphasizeStep.swift */; };
		014EBDF32ADD202200089A37 /* tchTransformType.swift in Sources */ = {isa = PBXBuildFile; fileRef = 014EBDBE2ADD202100089A37 /* tchTransformType.swift */; };
		014EBDF42ADD202200089A37 /* nsfShortcutMono.swift in Sources */ = {isa = PBXBuildFile; fileRef = 014EBDBF2ADD202100089A37 /* nsfShortcutMono.swift */; };
		014EBDF52ADD202200089A37 /* mtchAlreadyFlow.swift in Sources */ = {isa = PBXBuildFile; fileRef = 014EBDC02ADD202100089A37 /* mtchAlreadyFlow.swift */; };
		014EBDF62ADD202200089A37 /* mmntMaximumSave.swift in Sources */ = {isa = PBXBuildFile; fileRef = 014EBDC12ADD202100089A37 /* mmntMaximumSave.swift */; };
		014EBDF72ADD202200089A37 /* ntilSimilarBand.swift in Sources */ = {isa = PBXBuildFile; fileRef = 014EBDC22ADD202100089A37 /* ntilSimilarBand.swift */; };
		014EBDF82ADD202200089A37 /* blnkConfuseWare.swift in Sources */ = {isa = PBXBuildFile; fileRef = 014EBDC32ADD202100089A37 /* blnkConfuseWare.swift */; };
		014EBDF92ADD202200089A37 /* rcrdReformatOnce.swift in Sources */ = {isa = PBXBuildFile; fileRef = 014EBDC42ADD202100089A37 /* rcrdReformatOnce.swift */; };
		014EBDFA2ADD202200089A37 /* littlDesktopSuch.swift in Sources */ = {isa = PBXBuildFile; fileRef = 014EBDC52ADD202100089A37 /* littlDesktopSuch.swift */; };
		014EBDFB2ADD202200089A37 /* rsObserveRest.swift in Sources */ = {isa = PBXBuildFile; fileRef = 014EBDC62ADD202200089A37 /* rsObserveRest.swift */; };
		014EBDFC2ADD202200089A37 /* crssEmployeMuch.swift in Sources */ = {isa = PBXBuildFile; fileRef = 014EBDC72ADD202200089A37 /* crssEmployeMuch.swift */; };
		014EBDFD2ADD202200089A37 /* frcDimensionNext.swift in Sources */ = {isa = PBXBuildFile; fileRef = 014EBDC82ADD202200089A37 /* frcDimensionNext.swift */; };
		014EBDFE2ADD202200089A37 /* widthInvalidTrim.swift in Sources */ = {isa = PBXBuildFile; fileRef = 014EBDC92ADD202200089A37 /* widthInvalidTrim.swift */; };
		014EBDFF2ADD202200089A37 /* lytCopyrightDisc.swift in Sources */ = {isa = PBXBuildFile; fileRef = 014EBDCA2ADD202200089A37 /* lytCopyrightDisc.swift */; };
		014EBE002ADD202200089A37 /* vilEmployeDesk.swift in Sources */ = {isa = PBXBuildFile; fileRef = 014EBDCB2ADD202200089A37 /* vilEmployeDesk.swift */; };
		014EBE012ADD202200089A37 /* trckDestroyCost.swift in Sources */ = {isa = PBXBuildFile; fileRef = 014EBDCC2ADD202200089A37 /* trckDestroyCost.swift */; };
		014EBE022ADD202200089A37 /* rflwPurchaseBoot.swift in Sources */ = {isa = PBXBuildFile; fileRef = 014EBDCD2ADD202200089A37 /* rflwPurchaseBoot.swift */; };
		014EBE032ADD202200089A37 /* xtndPictureWork.swift in Sources */ = {isa = PBXBuildFile; fileRef = 014EBDCE2ADD202200089A37 /* xtndPictureWork.swift */; };
		014EBE042ADD202200089A37 /* rnmRespondTrue.swift in Sources */ = {isa = PBXBuildFile; fileRef = 014EBDCF2ADD202200089A37 /* rnmRespondTrue.swift */; };
		014EBE052ADD202200089A37 /* prgNest.swift in Sources */ = {isa = PBXBuildFile; fileRef = 014EBDD02ADD202200089A37 /* prgNest.swift */; };
		014EBE062ADD202200089A37 /* blnkHerculesNest.swift in Sources */ = {isa = PBXBuildFile; fileRef = 014EBDD12ADD202200089A37 /* blnkHerculesNest.swift */; };
		014EBE072ADD202200089A37 /* inptRefreshSale.swift in Sources */ = {isa = PBXBuildFile; fileRef = 014EBDD22ADD202200089A37 /* inptRefreshSale.swift */; };
		014EBE082ADD202200089A37 /* thinkProblemCare.swift in Sources */ = {isa = PBXBuildFile; fileRef = 014EBDD32ADD202200089A37 /* thinkProblemCare.swift */; };
		014EBE092ADD202200089A37 /* qtEnvironSafe.swift in Sources */ = {isa = PBXBuildFile; fileRef = 014EBDD42ADD202200089A37 /* qtEnvironSafe.swift */; };
		014EBE0A2ADD202200089A37 /* phrsNumerousList.swift in Sources */ = {isa = PBXBuildFile; fileRef = 014EBDD52ADD202200089A37 /* phrsNumerousList.swift */; };
		014EBE0B2ADD202200089A37 /* grnConfigureBusy.swift in Sources */ = {isa = PBXBuildFile; fileRef = 014EBDD62ADD202200089A37 /* grnConfigureBusy.swift */; };
		014EBE0C2ADD202200089A37 /* hndlDiscussMath.swift in Sources */ = {isa = PBXBuildFile; fileRef = 014EBDD72ADD202200089A37 /* hndlDiscussMath.swift */; };
		014EBE0D2ADD202200089A37 /* dmgComplexRest.swift in Sources */ = {isa = PBXBuildFile; fileRef = 014EBDD82ADD202200089A37 /* dmgComplexRest.swift */; };
		014EBE0E2ADD202200089A37 /* mdlArgumentSure.swift in Sources */ = {isa = PBXBuildFile; fileRef = 014EBDD92ADD202200089A37 /* mdlArgumentSure.swift */; };
		0171EB592AD3AE81004CDEFD /* AppDelegate.swift in Sources */ = {isa = PBXBuildFile; fileRef = 0171EB582AD3AE81004CDEFD /* AppDelegate.swift */; };
		0171EB5D2AD3AE81004CDEFD /* ViewController.swift in Sources */ = {isa = PBXBuildFile; fileRef = 0171EB5C2AD3AE81004CDEFD /* ViewController.swift */; };
		0171EB602AD3AE81004CDEFD /* Main.storyboard in Resources */ = {isa = PBXBuildFile; fileRef = 0171EB5E2AD3AE81004CDEFD /* Main.storyboard */; };
		0171EB622AD3AE83004CDEFD /* Assets.xcassets in Resources */ = {isa = PBXBuildFile; fileRef = 0171EB612AD3AE83004CDEFD /* Assets.xcassets */; };
		0171EB652AD3AE83004CDEFD /* LaunchScreen.storyboard in Resources */ = {isa = PBXBuildFile; fileRef = 0171EB632AD3AE83004CDEFD /* LaunchScreen.storyboard */; };
		736A79BE81013A46388AD3A4 /* Pods_Runner.framework in Frameworks */ = {isa = PBXBuildFile; fileRef = BD90896B34CDB19DEC97500A /* Pods_Runner.framework */; };
/* End PBXBuildFile section */

/* Begin PBXFileReference section */
		014EBDA52ADD202100089A37 /* xctPredictMeet.swift */ = {isa = PBXFileReference; fileEncoding = 4; lastKnownFileType = sourcecode.swift; path = xctPredictMeet.swift; sourceTree = "<group>"; };
		014EBDA62ADD202100089A37 /* crssInstanceCome.swift */ = {isa = PBXFileReference; fileEncoding = 4; lastKnownFileType = sourcecode.swift; path = crssInstanceCome.swift; sourceTree = "<group>"; };
		014EBDA72ADD202100089A37 /* bttmAddressSure.swift */ = {isa = PBXFileReference; fileEncoding = 4; lastKnownFileType = sourcecode.swift; path = bttmAddressSure.swift; sourceTree = "<group>"; };
		014EBDA82ADD202100089A37 /* pricConsumeTask.swift */ = {isa = PBXFileReference; fileEncoding = 4; lastKnownFileType = sourcecode.swift; path = pricConsumeTask.swift; sourceTree = "<group>"; };
		014EBDA92ADD202100089A37 /* slidDecisionStep.swift */ = {isa = PBXFileReference; fileEncoding = 4; lastKnownFileType = sourcecode.swift; path = slidDecisionStep.swift; sourceTree = "<group>"; };
		014EBDAA2ADD202100089A37 /* ffctPaymentYear.swift */ = {isa = PBXFileReference; fileEncoding = 4; lastKnownFileType = sourcecode.swift; path = ffctPaymentYear.swift; sourceTree = "<group>"; };
		014EBDAB2ADD202100089A37 /* chrgInhibitSuch.swift */ = {isa = PBXFileReference; fileEncoding = 4; lastKnownFileType = sourcecode.swift; path = chrgInhibitSuch.swift; sourceTree = "<group>"; };
		014EBDAC2ADD202100089A37 /* dcidCopyrightVice.swift */ = {isa = PBXFileReference; fileEncoding = 4; lastKnownFileType = sourcecode.swift; path = dcidCopyrightVice.swift; sourceTree = "<group>"; };
		014EBDAD2ADD202100089A37 /* lrgBetweenRate.swift */ = {isa = PBXFileReference; fileEncoding = 4; lastKnownFileType = sourcecode.swift; path = lrgBetweenRate.swift; sourceTree = "<group>"; };
		014EBDAE2ADD202100089A37 /* printExcludeRule.swift */ = {isa = PBXFileReference; fileEncoding = 4; lastKnownFileType = sourcecode.swift; path = printExcludeRule.swift; sourceTree = "<group>"; };
		014EBDAF2ADD202100089A37 /* dmgDescribeIdea.swift */ = {isa = PBXFileReference; fileEncoding = 4; lastKnownFileType = sourcecode.swift; path = dmgDescribeIdea.swift; sourceTree = "<group>"; };
		014EBDB02ADD202100089A37 /* inptExpressSign.swift */ = {isa = PBXFileReference; fileEncoding = 4; lastKnownFileType = sourcecode.swift; path = inptExpressSign.swift; sourceTree = "<group>"; };
		014EBDB12ADD202100089A37 /* psProcessPart.swift */ = {isa = PBXFileReference; fileEncoding = 4; lastKnownFileType = sourcecode.swift; path = psProcessPart.swift; sourceTree = "<group>"; };
		014EBDB22ADD202100089A37 /* ngtCombineGiga.swift */ = {isa = PBXFileReference; fileEncoding = 4; lastKnownFileType = sourcecode.swift; path = ngtCombineGiga.swift; sourceTree = "<group>"; };
		014EBDB32ADD202100089A37 /* brnchReflectMany.swift */ = {isa = PBXFileReference; fileEncoding = 4; lastKnownFileType = sourcecode.swift; path = brnchReflectMany.swift; sourceTree = "<group>"; };
		014EBDB42ADD202100089A37 /* lssnConnectZero.swift */ = {isa = PBXFileReference; fileEncoding = 4; lastKnownFileType = sourcecode.swift; path = lssnConnectZero.swift; sourceTree = "<group>"; };
		014EBDB52ADD202100089A37 /* tlntHerculesFind.swift */ = {isa = PBXFileReference; fileEncoding = 4; lastKnownFileType = sourcecode.swift; path = tlntHerculesFind.swift; sourceTree = "<group>"; };
		014EBDB62ADD202100089A37 /* inptForwardPack.swift */ = {isa = PBXFileReference; fileEncoding = 4; lastKnownFileType = sourcecode.swift; path = inptForwardPack.swift; sourceTree = "<group>"; };
		014EBDB72ADD202100089A37 /* lwstCompanyWish.swift */ = {isa = PBXFileReference; fileEncoding = 4; lastKnownFileType = sourcecode.swift; path = lwstCompanyWish.swift; sourceTree = "<group>"; };
		014EBDB82ADD202100089A37 /* thghPictureBook.swift */ = {isa = PBXFileReference; fileEncoding = 4; lastKnownFileType = sourcecode.swift; path = thghPictureBook.swift; sourceTree = "<group>"; };
		014EBDB92ADD202100089A37 /* npckPhoenixPart.swift */ = {isa = PBXFileReference; fileEncoding = 4; lastKnownFileType = sourcecode.swift; path = npckPhoenixPart.swift; sourceTree = "<group>"; };
		014EBDBA2ADD202100089A37 /* blckStructurePast.swift */ = {isa = PBXFileReference; fileEncoding = 4; lastKnownFileType = sourcecode.swift; path = blckStructurePast.swift; sourceTree = "<group>"; };
		014EBDBB2ADD202100089A37 /* slidConnectEven.swift */ = {isa = PBXFileReference; fileEncoding = 4; lastKnownFileType = sourcecode.swift; path = slidConnectEven.swift; sourceTree = "<group>"; };
		014EBDBC2ADD202100089A37 /* lphExtensionKnow.swift */ = {isa = PBXFileReference; fileEncoding = 4; lastKnownFileType = sourcecode.swift; path = lphExtensionKnow.swift; sourceTree = "<group>"; };
		014EBDBD2ADD202100089A37 /* lssnEmphasizeStep.swift */ = {isa = PBXFileReference; fileEncoding = 4; lastKnownFileType = sourcecode.swift; path = lssnEmphasizeStep.swift; sourceTree = "<group>"; };
		014EBDBE2ADD202100089A37 /* tchTransformType.swift */ = {isa = PBXFileReference; fileEncoding = 4; lastKnownFileType = sourcecode.swift; path = tchTransformType.swift; sourceTree = "<group>"; };
		014EBDBF2ADD202100089A37 /* nsfShortcutMono.swift */ = {isa = PBXFileReference; fileEncoding = 4; lastKnownFileType = sourcecode.swift; path = nsfShortcutMono.swift; sourceTree = "<group>"; };
		014EBDC02ADD202100089A37 /* mtchAlreadyFlow.swift */ = {isa = PBXFileReference; fileEncoding = 4; lastKnownFileType = sourcecode.swift; path = mtchAlreadyFlow.swift; sourceTree = "<group>"; };
		014EBDC12ADD202100089A37 /* mmntMaximumSave.swift */ = {isa = PBXFileReference; fileEncoding = 4; lastKnownFileType = sourcecode.swift; path = mmntMaximumSave.swift; sourceTree = "<group>"; };
		014EBDC22ADD202100089A37 /* ntilSimilarBand.swift */ = {isa = PBXFileReference; fileEncoding = 4; lastKnownFileType = sourcecode.swift; path = ntilSimilarBand.swift; sourceTree = "<group>"; };
		014EBDC32ADD202100089A37 /* blnkConfuseWare.swift */ = {isa = PBXFileReference; fileEncoding = 4; lastKnownFileType = sourcecode.swift; path = blnkConfuseWare.swift; sourceTree = "<group>"; };
		014EBDC42ADD202100089A37 /* rcrdReformatOnce.swift */ = {isa = PBXFileReference; fileEncoding = 4; lastKnownFileType = sourcecode.swift; path = rcrdReformatOnce.swift; sourceTree = "<group>"; };
		014EBDC52ADD202100089A37 /* littlDesktopSuch.swift */ = {isa = PBXFileReference; fileEncoding = 4; lastKnownFileType = sourcecode.swift; path = littlDesktopSuch.swift; sourceTree = "<group>"; };
		014EBDC62ADD202200089A37 /* rsObserveRest.swift */ = {isa = PBXFileReference; fileEncoding = 4; lastKnownFileType = sourcecode.swift; path = rsObserveRest.swift; sourceTree = "<group>"; };
		014EBDC72ADD202200089A37 /* crssEmployeMuch.swift */ = {isa = PBXFileReference; fileEncoding = 4; lastKnownFileType = sourcecode.swift; path = crssEmployeMuch.swift; sourceTree = "<group>"; };
		014EBDC82ADD202200089A37 /* frcDimensionNext.swift */ = {isa = PBXFileReference; fileEncoding = 4; lastKnownFileType = sourcecode.swift; path = frcDimensionNext.swift; sourceTree = "<group>"; };
		014EBDC92ADD202200089A37 /* widthInvalidTrim.swift */ = {isa = PBXFileReference; fileEncoding = 4; lastKnownFileType = sourcecode.swift; path = widthInvalidTrim.swift; sourceTree = "<group>"; };
		014EBDCA2ADD202200089A37 /* lytCopyrightDisc.swift */ = {isa = PBXFileReference; fileEncoding = 4; lastKnownFileType = sourcecode.swift; path = lytCopyrightDisc.swift; sourceTree = "<group>"; };
		014EBDCB2ADD202200089A37 /* vilEmployeDesk.swift */ = {isa = PBXFileReference; fileEncoding = 4; lastKnownFileType = sourcecode.swift; path = vilEmployeDesk.swift; sourceTree = "<group>"; };
		014EBDCC2ADD202200089A37 /* trckDestroyCost.swift */ = {isa = PBXFileReference; fileEncoding = 4; lastKnownFileType = sourcecode.swift; path = trckDestroyCost.swift; sourceTree = "<group>"; };
		014EBDCD2ADD202200089A37 /* rflwPurchaseBoot.swift */ = {isa = PBXFileReference; fileEncoding = 4; lastKnownFileType = sourcecode.swift; path = rflwPurchaseBoot.swift; sourceTree = "<group>"; };
		014EBDCE2ADD202200089A37 /* xtndPictureWork.swift */ = {isa = PBXFileReference; fileEncoding = 4; lastKnownFileType = sourcecode.swift; path = xtndPictureWork.swift; sourceTree = "<group>"; };
		014EBDCF2ADD202200089A37 /* rnmRespondTrue.swift */ = {isa = PBXFileReference; fileEncoding = 4; lastKnownFileType = sourcecode.swift; path = rnmRespondTrue.swift; sourceTree = "<group>"; };
		014EBDD02ADD202200089A37 /* prgNest.swift */ = {isa = PBXFileReference; fileEncoding = 4; lastKnownFileType = sourcecode.swift; path = prgNest.swift; sourceTree = "<group>"; };
		014EBDD12ADD202200089A37 /* blnkHerculesNest.swift */ = {isa = PBXFileReference; fileEncoding = 4; lastKnownFileType = sourcecode.swift; path = blnkHerculesNest.swift; sourceTree = "<group>"; };
		014EBDD22ADD202200089A37 /* inptRefreshSale.swift */ = {isa = PBXFileReference; fileEncoding = 4; lastKnownFileType = sourcecode.swift; path = inptRefreshSale.swift; sourceTree = "<group>"; };
		014EBDD32ADD202200089A37 /* thinkProblemCare.swift */ = {isa = PBXFileReference; fileEncoding = 4; lastKnownFileType = sourcecode.swift; path = thinkProblemCare.swift; sourceTree = "<group>"; };
		014EBDD42ADD202200089A37 /* qtEnvironSafe.swift */ = {isa = PBXFileReference; fileEncoding = 4; lastKnownFileType = sourcecode.swift; path = qtEnvironSafe.swift; sourceTree = "<group>"; };
		014EBDD52ADD202200089A37 /* phrsNumerousList.swift */ = {isa = PBXFileReference; fileEncoding = 4; lastKnownFileType = sourcecode.swift; path = phrsNumerousList.swift; sourceTree = "<group>"; };
		014EBDD62ADD202200089A37 /* grnConfigureBusy.swift */ = {isa = PBXFileReference; fileEncoding = 4; lastKnownFileType = sourcecode.swift; path = grnConfigureBusy.swift; sourceTree = "<group>"; };
		014EBDD72ADD202200089A37 /* hndlDiscussMath.swift */ = {isa = PBXFileReference; fileEncoding = 4; lastKnownFileType = sourcecode.swift; path = hndlDiscussMath.swift; sourceTree = "<group>"; };
		014EBDD82ADD202200089A37 /* dmgComplexRest.swift */ = {isa = PBXFileReference; fileEncoding = 4; lastKnownFileType = sourcecode.swift; path = dmgComplexRest.swift; sourceTree = "<group>"; };
		014EBDD92ADD202200089A37 /* mdlArgumentSure.swift */ = {isa = PBXFileReference; fileEncoding = 4; lastKnownFileType = sourcecode.swift; path = mdlArgumentSure.swift; sourceTree = "<group>"; };
		0171EB552AD3AE81004CDEFD /* Runner.app */ = {isa = PBXFileReference; explicitFileType = wrapper.application; includeInIndex = 0; path = Runner.app; sourceTree = BUILT_PRODUCTS_DIR; };
		0171EB582AD3AE81004CDEFD /* AppDelegate.swift */ = {isa = PBXFileReference; lastKnownFileType = sourcecode.swift; path = AppDelegate.swift; sourceTree = "<group>"; };
		0171EB5C2AD3AE81004CDEFD /* ViewController.swift */ = {isa = PBXFileReference; lastKnownFileType = sourcecode.swift; path = ViewController.swift; sourceTree = "<group>"; };
		0171EB5F2AD3AE81004CDEFD /* Base */ = {isa = PBXFileReference; lastKnownFileType = file.storyboard; name = Base; path = Base.lproj/Main.storyboard; sourceTree = "<group>"; };
		0171EB612AD3AE83004CDEFD /* Assets.xcassets */ = {isa = PBXFileReference; lastKnownFileType = folder.assetcatalog; path = Assets.xcassets; sourceTree = "<group>"; };
		0171EB642AD3AE83004CDEFD /* Base */ = {isa = PBXFileReference; lastKnownFileType = file.storyboard; name = Base; path = Base.lproj/LaunchScreen.storyboard; sourceTree = "<group>"; };
		0171EB662AD3AE83004CDEFD /* Info.plist */ = {isa = PBXFileReference; lastKnownFileType = text.plist.xml; path = Info.plist; sourceTree = "<group>"; };
		5840EA9831870068BCFDC2AA /* Pods-Runner.debug.xcconfig */ = {isa = PBXFileReference; includeInIndex = 1; lastKnownFileType = text.xcconfig; name = "Pods-Runner.debug.xcconfig"; path = "Target Support Files/Pods-Runner/Pods-Runner.debug.xcconfig"; sourceTree = "<group>"; };
		BD90896B34CDB19DEC97500A /* Pods_Runner.framework */ = {isa = PBXFileReference; explicitFileType = wrapper.framework; includeInIndex = 0; path = Pods_Runner.framework; sourceTree = BUILT_PRODUCTS_DIR; };
		FA48606A03CE53E067062111 /* Pods-Runner.release.xcconfig */ = {isa = PBXFileReference; includeInIndex = 1; lastKnownFileType = text.xcconfig; name = "Pods-Runner.release.xcconfig"; path = "Target Support Files/Pods-Runner/Pods-Runner.release.xcconfig"; sourceTree = "<group>"; };
/* End PBXFileReference section */

/* Begin PBXFrameworksBuildPhase section */
		0171EB522AD3AE81004CDEFD /* Frameworks */ = {
			isa = PBXFrameworksBuildPhase;
			buildActionMask = 2147483647;
			files = (
				736A79BE81013A46388AD3A4 /* Pods_Runner.framework in Frameworks */,
			);
			runOnlyForDeploymentPostprocessing = 0;
		};
/* End PBXFrameworksBuildPhase section */

/* Begin PBXGroup section */
		014EBDA42ADD202100089A37 /* Classes */ = {
			isa = PBXGroup;
			children = (
				014EBDA52ADD202100089A37 /* xctPredictMeet.swift */,
				014EBDA62ADD202100089A37 /* crssInstanceCome.swift */,
				014EBDA72ADD202100089A37 /* bttmAddressSure.swift */,
				014EBDA82ADD202100089A37 /* pricConsumeTask.swift */,
				014EBDA92ADD202100089A37 /* slidDecisionStep.swift */,
				014EBDAA2ADD202100089A37 /* ffctPaymentYear.swift */,
				014EBDAB2ADD202100089A37 /* chrgInhibitSuch.swift */,
				014EBDAC2ADD202100089A37 /* dcidCopyrightVice.swift */,
				014EBDAD2ADD202100089A37 /* lrgBetweenRate.swift */,
				014EBDAE2ADD202100089A37 /* printExcludeRule.swift */,
				014EBDAF2ADD202100089A37 /* dmgDescribeIdea.swift */,
				014EBDB02ADD202100089A37 /* inptExpressSign.swift */,
				014EBDB12ADD202100089A37 /* psProcessPart.swift */,
				014EBDB22ADD202100089A37 /* ngtCombineGiga.swift */,
				014EBDB32ADD202100089A37 /* brnchReflectMany.swift */,
				014EBDB42ADD202100089A37 /* lssnConnectZero.swift */,
				014EBDB52ADD202100089A37 /* tlntHerculesFind.swift */,
				014EBDB62ADD202100089A37 /* inptForwardPack.swift */,
				014EBDB72ADD202100089A37 /* lwstCompanyWish.swift */,
				014EBDB82ADD202100089A37 /* thghPictureBook.swift */,
				014EBDB92ADD202100089A37 /* npckPhoenixPart.swift */,
				014EBDBA2ADD202100089A37 /* blckStructurePast.swift */,
				014EBDBB2ADD202100089A37 /* slidConnectEven.swift */,
				014EBDBC2ADD202100089A37 /* lphExtensionKnow.swift */,
				014EBDBD2ADD202100089A37 /* lssnEmphasizeStep.swift */,
				014EBDBE2ADD202100089A37 /* tchTransformType.swift */,
				014EBDBF2ADD202100089A37 /* nsfShortcutMono.swift */,
				014EBDC02ADD202100089A37 /* mtchAlreadyFlow.swift */,
				014EBDC12ADD202100089A37 /* mmntMaximumSave.swift */,
				014EBDC22ADD202100089A37 /* ntilSimilarBand.swift */,
				014EBDC32ADD202100089A37 /* blnkConfuseWare.swift */,
				014EBDC42ADD202100089A37 /* rcrdReformatOnce.swift */,
				014EBDC52ADD202100089A37 /* littlDesktopSuch.swift */,
				014EBDC62ADD202200089A37 /* rsObserveRest.swift */,
				014EBDC72ADD202200089A37 /* crssEmployeMuch.swift */,
				014EBDC82ADD202200089A37 /* frcDimensionNext.swift */,
				014EBDC92ADD202200089A37 /* widthInvalidTrim.swift */,
				014EBDCA2ADD202200089A37 /* lytCopyrightDisc.swift */,
				014EBDCB2ADD202200089A37 /* vilEmployeDesk.swift */,
				014EBDCC2ADD202200089A37 /* trckDestroyCost.swift */,
				014EBDCD2ADD202200089A37 /* rflwPurchaseBoot.swift */,
				014EBDCE2ADD202200089A37 /* xtndPictureWork.swift */,
				014EBDCF2ADD202200089A37 /* rnmRespondTrue.swift */,
				014EBDD02ADD202200089A37 /* prgNest.swift */,
				014EBDD12ADD202200089A37 /* blnkHerculesNest.swift */,
				014EBDD22ADD202200089A37 /* inptRefreshSale.swift */,
				014EBDD32ADD202200089A37 /* thinkProblemCare.swift */,
				014EBDD42ADD202200089A37 /* qtEnvironSafe.swift */,
				014EBDD52ADD202200089A37 /* phrsNumerousList.swift */,
				014EBDD62ADD202200089A37 /* grnConfigureBusy.swift */,
				014EBDD72ADD202200089A37 /* hndlDiscussMath.swift */,
				014EBDD82ADD202200089A37 /* dmgComplexRest.swift */,
				014EBDD92ADD202200089A37 /* mdlArgumentSure.swift */,
			);
			path = Classes;
			sourceTree = SOURCE_ROOT;
		};
		0171EB4C2AD3AE81004CDEFD = {
			isa = PBXGroup;
			children = (
				0171EB572AD3AE81004CDEFD /* Runner */,
				0171EB562AD3AE81004CDEFD /* Products */,
				E57DBD018D5B833100FAC28C /* Pods */,
				DD38D4E0D42BE93B7985CCC3 /* Frameworks */,
			);
			sourceTree = "<group>";
		};
		0171EB562AD3AE81004CDEFD /* Products */ = {
			isa = PBXGroup;
			children = (
				0171EB552AD3AE81004CDEFD /* Runner.app */,
			);
			name = Products;
			sourceTree = "<group>";
		};
		0171EB572AD3AE81004CDEFD /* Runner */ = {
			isa = PBXGroup;
			children = (
				014EBDA42ADD202100089A37 /* Classes */,
				0171EB582AD3AE81004CDEFD /* AppDelegate.swift */,
				0171EB5C2AD3AE81004CDEFD /* ViewController.swift */,
				0171EB5E2AD3AE81004CDEFD /* Main.storyboard */,
				0171EB612AD3AE83004CDEFD /* Assets.xcassets */,
				0171EB632AD3AE83004CDEFD /* LaunchScreen.storyboard */,
				0171EB662AD3AE83004CDEFD /* Info.plist */,
			);
			path = Runner;
			sourceTree = "<group>";
		};
		DD38D4E0D42BE93B7985CCC3 /* Frameworks */ = {
			isa = PBXGroup;
			children = (
				BD90896B34CDB19DEC97500A /* Pods_Runner.framework */,
			);
			name = Frameworks;
			sourceTree = "<group>";
		};
		E57DBD018D5B833100FAC28C /* Pods */ = {
			isa = PBXGroup;
			children = (
				5840EA9831870068BCFDC2AA /* Pods-Runner.debug.xcconfig */,
				FA48606A03CE53E067062111 /* Pods-Runner.release.xcconfig */,
			);
			path = Pods;
			sourceTree = "<group>";
		};
/* End PBXGroup section */

/* Begin PBXNativeTarget section */
		0171EB542AD3AE81004CDEFD /* Runner */ = {
			isa = PBXNativeTarget;
			buildConfigurationList = 0171EB692AD3AE83004CDEFD /* Build configuration list for PBXNativeTarget "Runner" */;
			buildPhases = (
				301B3C2E8D680CFAAAF7E30A /* [CP] Check Pods Manifest.lock */,
				0171EB512AD3AE81004CDEFD /* Sources */,
				0171EB522AD3AE81004CDEFD /* Frameworks */,
				0171EB532AD3AE81004CDEFD /* Resources */,
				260266D3280F2EB8F50301E1 /* [CP] Embed Pods Frameworks */,
			);
			buildRules = (
			);
			dependencies = (
			);
			name = Runner;
			productName = Runner;
			productReference = 0171EB552AD3AE81004CDEFD /* Runner.app */;
			productType = "com.apple.product-type.application";
		};
/* End PBXNativeTarget section */

/* Begin PBXProject section */
		0171EB4D2AD3AE81004CDEFD /* Project object */ = {
			isa = PBXProject;
			attributes = {
				BuildIndependentTargetsInParallel = 1;
				LastSwiftUpdateCheck = 1500;
				LastUpgradeCheck = 1500;
				TargetAttributes = {
					0171EB542AD3AE81004CDEFD = {
						CreatedOnToolsVersion = 15.0;
					};
				};
			};
			buildConfigurationList = 0171EB502AD3AE81004CDEFD /* Build configuration list for PBXProject "Runner" */;
			compatibilityVersion = "Xcode 14.0";
			developmentRegion = en;
			hasScannedForEncodings = 0;
			knownRegions = (
				en,
				Base,
			);
			mainGroup = 0171EB4C2AD3AE81004CDEFD;
			productRefGroup = 0171EB562AD3AE81004CDEFD /* Products */;
			projectDirPath = "";
			projectRoot = "";
			targets = (
				0171EB542AD3AE81004CDEFD /* Runner */,
			);
		};
/* End PBXProject section */

/* Begin PBXResourcesBuildPhase section */
		0171EB532AD3AE81004CDEFD /* Resources */ = {
			isa = PBXResourcesBuildPhase;
			buildActionMask = 2147483647;
			files = (
				0171EB652AD3AE83004CDEFD /* LaunchScreen.storyboard in Resources */,
				0171EB622AD3AE83004CDEFD /* Assets.xcassets in Resources */,
				0171EB602AD3AE81004CDEFD /* Main.storyboard in Resources */,
			);
			runOnlyForDeploymentPostprocessing = 0;
		};
/* End PBXResourcesBuildPhase section */

/* Begin PBXShellScriptBuildPhase section */
		260266D3280F2EB8F50301E1 /* [CP] Embed Pods Frameworks */ = {
			isa = PBXShellScriptBuildPhase;
			buildActionMask = 2147483647;
			files = (
			);
			inputFileListPaths = (
				"${PODS_ROOT}/Target Support Files/Pods-Runner/Pods-Runner-frameworks-${CONFIGURATION}-input-files.xcfilelist",
			);
			name = "[CP] Embed Pods Frameworks";
			outputFileListPaths = (
				"${PODS_ROOT}/Target Support Files/Pods-Runner/Pods-Runner-frameworks-${CONFIGURATION}-output-files.xcfilelist",
			);
			runOnlyForDeploymentPostprocessing = 0;
			shellPath = /bin/sh;
			shellScript = "\"${PODS_ROOT}/Target Support Files/Pods-Runner/Pods-Runner-frameworks.sh\"\n";
			showEnvVarsInLog = 0;
		};
		301B3C2E8D680CFAAAF7E30A /* [CP] Check Pods Manifest.lock */ = {
			isa = PBXShellScriptBuildPhase;
			buildActionMask = 2147483647;
			files = (
			);
			inputFileListPaths = (
			);
			inputPaths = (
				"${PODS_PODFILE_DIR_PATH}/Podfile.lock",
				"${PODS_ROOT}/Manifest.lock",
			);
			name = "[CP] Check Pods Manifest.lock";
			outputFileListPaths = (
			);
			outputPaths = (
				"$(DERIVED_FILE_DIR)/Pods-Runner-checkManifestLockResult.txt",
			);
			runOnlyForDeploymentPostprocessing = 0;
			shellPath = /bin/sh;
			shellScript = "diff \"${PODS_PODFILE_DIR_PATH}/Podfile.lock\" \"${PODS_ROOT}/Manifest.lock\" > /dev/null\nif [ $? != 0 ] ; then\n    # print error to STDERR\n    echo \"error: The sandbox is not in sync with the Podfile.lock. Run 'pod install' or update your CocoaPods installation.\" >&2\n    exit 1\nfi\n# This output is used by Xcode 'outputs' to avoid re-running this script phase.\necho \"SUCCESS\" > \"${SCRIPT_OUTPUT_FILE_0}\"\n";
			showEnvVarsInLog = 0;
		};
/* End PBXShellScriptBuildPhase section */

/* Begin PBXSourcesBuildPhase section */
		0171EB512AD3AE81004CDEFD /* Sources */ = {
			isa = PBXSourcesBuildPhase;
			buildActionMask = 2147483647;
			files = (
				014EBDF52ADD202200089A37 /* mtchAlreadyFlow.swift in Sources */,
				014EBDE22ADD202200089A37 /* lrgBetweenRate.swift in Sources */,
				014EBDE42ADD202200089A37 /* dmgDescribeIdea.swift in Sources */,
				014EBDDA2ADD202200089A37 /* xctPredictMeet.swift in Sources */,
				014EBE002ADD202200089A37 /* vilEmployeDesk.swift in Sources */,
				014EBDFC2ADD202200089A37 /* crssEmployeMuch.swift in Sources */,
				014EBDDB2ADD202200089A37 /* crssInstanceCome.swift in Sources */,
				014EBDED2ADD202200089A37 /* thghPictureBook.swift in Sources */,
				014EBDE52ADD202200089A37 /* inptExpressSign.swift in Sources */,
				014EBE022ADD202200089A37 /* rflwPurchaseBoot.swift in Sources */,
				014EBDDF2ADD202200089A37 /* ffctPaymentYear.swift in Sources */,
				014EBDF42ADD202200089A37 /* nsfShortcutMono.swift in Sources */,
				014EBDF92ADD202200089A37 /* rcrdReformatOnce.swift in Sources */,
				014EBE032ADD202200089A37 /* xtndPictureWork.swift in Sources */,
				014EBDE32ADD202200089A37 /* printExcludeRule.swift in Sources */,
				014EBE082ADD202200089A37 /* thinkProblemCare.swift in Sources */,
				014EBDEC2ADD202200089A37 /* lwstCompanyWish.swift in Sources */,
				014EBDDC2ADD202200089A37 /* bttmAddressSure.swift in Sources */,
				014EBDF22ADD202200089A37 /* lssnEmphasizeStep.swift in Sources */,
				014EBDFE2ADD202200089A37 /* widthInvalidTrim.swift in Sources */,
				014EBDF72ADD202200089A37 /* ntilSimilarBand.swift in Sources */,
				014EBDE92ADD202200089A37 /* lssnConnectZero.swift in Sources */,
				014EBE062ADD202200089A37 /* blnkHerculesNest.swift in Sources */,
				014EBDDE2ADD202200089A37 /* slidDecisionStep.swift in Sources */,
				014EBDE82ADD202200089A37 /* brnchReflectMany.swift in Sources */,
				014EBDF02ADD202200089A37 /* slidConnectEven.swift in Sources */,
				014EBDFB2ADD202200089A37 /* rsObserveRest.swift in Sources */,
				014EBE012ADD202200089A37 /* trckDestroyCost.swift in Sources */,
				014EBDFF2ADD202200089A37 /* lytCopyrightDisc.swift in Sources */,
				014EBE0B2ADD202200089A37 /* grnConfigureBusy.swift in Sources */,
				014EBDEB2ADD202200089A37 /* inptForwardPack.swift in Sources */,
				014EBDEE2ADD202200089A37 /* npckPhoenixPart.swift in Sources */,
				014EBDF62ADD202200089A37 /* mmntMaximumSave.swift in Sources */,
				014EBE072ADD202200089A37 /* inptRefreshSale.swift in Sources */,
				014EBDFA2ADD202200089A37 /* littlDesktopSuch.swift in Sources */,
				014EBE0C2ADD202200089A37 /* hndlDiscussMath.swift in Sources */,
				014EBE052ADD202200089A37 /* prgNest.swift in Sources */,
				014EBDE02ADD202200089A37 /* chrgInhibitSuch.swift in Sources */,
				014EBDF32ADD202200089A37 /* tchTransformType.swift in Sources */,
				014EBDE62ADD202200089A37 /* psProcessPart.swift in Sources */,
				014EBDF82ADD202200089A37 /* blnkConfuseWare.swift in Sources */,
				014EBE092ADD202200089A37 /* qtEnvironSafe.swift in Sources */,
				014EBDE12ADD202200089A37 /* dcidCopyrightVice.swift in Sources */,
				014EBDEA2ADD202200089A37 /* tlntHerculesFind.swift in Sources */,
				014EBE0E2ADD202200089A37 /* mdlArgumentSure.swift in Sources */,
				014EBDDD2ADD202200089A37 /* pricConsumeTask.swift in Sources */,
				014EBDE72ADD202200089A37 /* ngtCombineGiga.swift in Sources */,
				0171EB5D2AD3AE81004CDEFD /* ViewController.swift in Sources */,
				0171EB592AD3AE81004CDEFD /* AppDelegate.swift in Sources */,
				014EBE042ADD202200089A37 /* rnmRespondTrue.swift in Sources */,
				014EBDFD2ADD202200089A37 /* frcDimensionNext.swift in Sources */,
				014EBE0A2ADD202200089A37 /* phrsNumerousList.swift in Sources */,
				014EBDEF2ADD202200089A37 /* blckStructurePast.swift in Sources */,
				014EBDF12ADD202200089A37 /* lphExtensionKnow.swift in Sources */,
				014EBE0D2ADD202200089A37 /* dmgComplexRest.swift in Sources */,
			);
			runOnlyForDeploymentPostprocessing = 0;
		};
/* End PBXSourcesBuildPhase section */

/* Begin PBXVariantGroup section */
		0171EB5E2AD3AE81004CDEFD /* Main.storyboard */ = {
			isa = PBXVariantGroup;
			children = (
				0171EB5F2AD3AE81004CDEFD /* Base */,
			);
			name = Main.storyboard;
			sourceTree = "<group>";
		};
		0171EB632AD3AE83004CDEFD /* LaunchScreen.storyboard */ = {
			isa = PBXVariantGroup;
			children = (
				0171EB642AD3AE83004CDEFD /* Base */,
			);
			name = LaunchScreen.storyboard;
			sourceTree = "<group>";
		};
/* End PBXVariantGroup section */

/* Begin XCBuildConfiguration section */
		0171EB672AD3AE83004CDEFD /* Debug */ = {
			isa = XCBuildConfiguration;
			buildSettings = {
				ALWAYS_SEARCH_USER_PATHS = NO;
				ASSETCATALOG_COMPILER_GENERATE_SWIFT_ASSET_SYMBOL_EXTENSIONS = YES;
				CLANG_ANALYZER_NONNULL = YES;
				CLANG_ANALYZER_NUMBER_OBJECT_CONVERSION = YES_AGGRESSIVE;
				CLANG_CXX_LANGUAGE_STANDARD = "gnu++20";
				CLANG_ENABLE_MODULES = YES;
				CLANG_ENABLE_OBJC_ARC = YES;
				CLANG_ENABLE_OBJC_WEAK = YES;
				CLANG_WARN_BLOCK_CAPTURE_AUTORELEASING = YES;
				CLANG_WARN_BOOL_CONVERSION = YES;
				CLANG_WARN_COMMA = YES;
				CLANG_WARN_CONSTANT_CONVERSION = YES;
				CLANG_WARN_DEPRECATED_OBJC_IMPLEMENTATIONS = YES;
				CLANG_WARN_DIRECT_OBJC_ISA_USAGE = YES_ERROR;
				CLANG_WARN_DOCUMENTATION_COMMENTS = YES;
				CLANG_WARN_EMPTY_BODY = YES;
				CLANG_WARN_ENUM_CONVERSION = YES;
				CLANG_WARN_INFINITE_RECURSION = YES;
				CLANG_WARN_INT_CONVERSION = YES;
				CLANG_WARN_NON_LITERAL_NULL_CONVERSION = YES;
				CLANG_WARN_OBJC_IMPLICIT_RETAIN_SELF = YES;
				CLANG_WARN_OBJC_LITERAL_CONVERSION = YES;
				CLANG_WARN_OBJC_ROOT_CLASS = YES_ERROR;
				CLANG_WARN_QUOTED_INCLUDE_IN_FRAMEWORK_HEADER = YES;
				CLANG_WARN_RANGE_LOOP_ANALYSIS = YES;
				CLANG_WARN_STRICT_PROTOTYPES = YES;
				CLANG_WARN_SUSPICIOUS_MOVE = YES;
				CLANG_WARN_UNGUARDED_AVAILABILITY = YES_AGGRESSIVE;
				CLANG_WARN_UNREACHABLE_CODE = YES;
				CLANG_WARN__DUPLICATE_METHOD_MATCH = YES;
				COPY_PHASE_STRIP = NO;
				DEBUG_INFORMATION_FORMAT = dwarf;
				ENABLE_STRICT_OBJC_MSGSEND = YES;
				ENABLE_TESTABILITY = YES;
				ENABLE_USER_SCRIPT_SANDBOXING = NO;
				GCC_C_LANGUAGE_STANDARD = gnu17;
				GCC_DYNAMIC_NO_PIC = NO;
				GCC_NO_COMMON_BLOCKS = YES;
				GCC_OPTIMIZATION_LEVEL = 0;
				GCC_PREPROCESSOR_DEFINITIONS = (
					"DEBUG=1",
					"$(inherited)",
				);
				GCC_WARN_64_TO_32_BIT_CONVERSION = YES;
				GCC_WARN_ABOUT_RETURN_TYPE = YES_ERROR;
				GCC_WARN_UNDECLARED_SELECTOR = YES;
				GCC_WARN_UNINITIALIZED_AUTOS = YES_AGGRESSIVE;
				GCC_WARN_UNUSED_FUNCTION = YES;
				GCC_WARN_UNUSED_VARIABLE = YES;
				IPHONEOS_DEPLOYMENT_TARGET = 17.0;
				LOCALIZATION_PREFERS_STRING_CATALOGS = YES;
				MTL_ENABLE_DEBUG_INFO = INCLUDE_SOURCE;
				MTL_FAST_MATH = YES;
				ONLY_ACTIVE_ARCH = YES;
				SDKROOT = iphoneos;
				SWIFT_ACTIVE_COMPILATION_CONDITIONS = "DEBUG $(inherited)";
				SWIFT_OPTIMIZATION_LEVEL = "-Onone";
			};
			name = Debug;
		};
		0171EB682AD3AE83004CDEFD /* Release */ = {
			isa = XCBuildConfiguration;
			buildSettings = {
				ALWAYS_SEARCH_USER_PATHS = NO;
				ASSETCATALOG_COMPILER_GENERATE_SWIFT_ASSET_SYMBOL_EXTENSIONS = YES;
				CLANG_ANALYZER_NONNULL = YES;
				CLANG_ANALYZER_NUMBER_OBJECT_CONVERSION = YES_AGGRESSIVE;
				CLANG_CXX_LANGUAGE_STANDARD = "gnu++20";
				CLANG_ENABLE_MODULES = YES;
				CLANG_ENABLE_OBJC_ARC = YES;
				CLANG_ENABLE_OBJC_WEAK = YES;
				CLANG_WARN_BLOCK_CAPTURE_AUTORELEASING = YES;
				CLANG_WARN_BOOL_CONVERSION = YES;
				CLANG_WARN_COMMA = YES;
				CLANG_WARN_CONSTANT_CONVERSION = YES;
				CLANG_WARN_DEPRECATED_OBJC_IMPLEMENTATIONS = YES;
				CLANG_WARN_DIRECT_OBJC_ISA_USAGE = YES_ERROR;
				CLANG_WARN_DOCUMENTATION_COMMENTS = YES;
				CLANG_WARN_EMPTY_BODY = YES;
				CLANG_WARN_ENUM_CONVERSION = YES;
				CLANG_WARN_INFINITE_RECURSION = YES;
				CLANG_WARN_INT_CONVERSION = YES;
				CLANG_WARN_NON_LITERAL_NULL_CONVERSION = YES;
				CLANG_WARN_OBJC_IMPLICIT_RETAIN_SELF = YES;
				CLANG_WARN_OBJC_LITERAL_CONVERSION = YES;
				CLANG_WARN_OBJC_ROOT_CLASS = YES_ERROR;
				CLANG_WARN_QUOTED_INCLUDE_IN_FRAMEWORK_HEADER = YES;
				CLANG_WARN_RANGE_LOOP_ANALYSIS = YES;
				CLANG_WARN_STRICT_PROTOTYPES = YES;
				CLANG_WARN_SUSPICIOUS_MOVE = YES;
				CLANG_WARN_UNGUARDED_AVAILABILITY = YES_AGGRESSIVE;
				CLANG_WARN_UNREACHABLE_CODE = YES;
				CLANG_WARN__DUPLICATE_METHOD_MATCH = YES;
				COPY_PHASE_STRIP = NO;
				DEBUG_INFORMATION_FORMAT = "dwarf-with-dsym";
				ENABLE_NS_ASSERTIONS = NO;
				ENABLE_STRICT_OBJC_MSGSEND = YES;
				ENABLE_USER_SCRIPT_SANDBOXING = NO;
				GCC_C_LANGUAGE_STANDARD = gnu17;
				GCC_NO_COMMON_BLOCKS = YES;
				GCC_WARN_64_TO_32_BIT_CONVERSION = YES;
				GCC_WARN_ABOUT_RETURN_TYPE = YES_ERROR;
				GCC_WARN_UNDECLARED_SELECTOR = YES;
				GCC_WARN_UNINITIALIZED_AUTOS = YES_AGGRESSIVE;
				GCC_WARN_UNUSED_FUNCTION = YES;
				GCC_WARN_UNUSED_VARIABLE = YES;
				IPHONEOS_DEPLOYMENT_TARGET = 17.0;
				LOCALIZATION_PREFERS_STRING_CATALOGS = YES;
				MTL_ENABLE_DEBUG_INFO = NO;
				MTL_FAST_MATH = YES;
				SDKROOT = iphoneos;
				SWIFT_COMPILATION_MODE = wholemodule;
				VALIDATE_PRODUCT = YES;
			};
			name = Release;
		};
		0171EB6A2AD3AE83004CDEFD /* Debug */ = {
			isa = XCBuildConfiguration;
			baseConfigurationReference = 5840EA9831870068BCFDC2AA /* Pods-Runner.debug.xcconfig */;
			buildSettings = {
				ASSETCATALOG_COMPILER_APPICON_NAME = AppIcon;
				ASSETCATALOG_COMPILER_GLOBAL_ACCENT_COLOR_NAME = AccentColor;
				CODE_SIGN_STYLE = Automatic;
				CURRENT_PROJECT_VERSION = 1;
				GENERATE_INFOPLIST_FILE = YES;
				INFOPLIST_FILE = Runner/Info.plist;
				INFOPLIST_KEY_UIApplicationSupportsIndirectInputEvents = YES;
				INFOPLIST_KEY_UILaunchStoryboardName = LaunchScreen;
				INFOPLIST_KEY_UIMainStoryboardFile = Main;
				INFOPLIST_KEY_UIRequiresFullScreen = YES;
				INFOPLIST_KEY_UISupportedInterfaceOrientations = "UIInterfaceOrientationLandscapeLeft UIInterfaceOrientationLandscapeRight UIInterfaceOrientationPortrait";
				IPHONEOS_DEPLOYMENT_TARGET = 13.0;
				LD_RUNPATH_SEARCH_PATHS = (
					"$(inherited)",
					"@executable_path/Frameworks",
				);
				MARKETING_VERSION = 1.0;
				PRODUCT_BUNDLE_IDENTIFIER = WhiteWhale.Runner;
				PRODUCT_NAME = "$(TARGET_NAME)";
				SWIFT_EMIT_LOC_STRINGS = YES;
				SWIFT_VERSION = 5.0;
				TARGETED_DEVICE_FAMILY = "1,2";
			};
			name = Debug;
		};
		0171EB6B2AD3AE83004CDEFD /* Release */ = {
			isa = XCBuildConfiguration;
			baseConfigurationReference = FA48606A03CE53E067062111 /* Pods-Runner.release.xcconfig */;
			buildSettings = {
				ASSETCATALOG_COMPILER_APPICON_NAME = AppIcon;
				ASSETCATALOG_COMPILER_GLOBAL_ACCENT_COLOR_NAME = AccentColor;
				CODE_SIGN_STYLE = Automatic;
				CURRENT_PROJECT_VERSION = 1;
				GENERATE_INFOPLIST_FILE = YES;
				INFOPLIST_FILE = Runner/Info.plist;
				INFOPLIST_KEY_UIApplicationSupportsIndirectInputEvents = YES;
				INFOPLIST_KEY_UILaunchStoryboardName = LaunchScreen;
				INFOPLIST_KEY_UIMainStoryboardFile = Main;
				INFOPLIST_KEY_UIRequiresFullScreen = YES;
				INFOPLIST_KEY_UISupportedInterfaceOrientations = "UIInterfaceOrientationLandscapeLeft UIInterfaceOrientationLandscapeRight UIInterfaceOrientationPortrait";
				IPHONEOS_DEPLOYMENT_TARGET = 13.0;
				LD_RUNPATH_SEARCH_PATHS = (
					"$(inherited)",
					"@executable_path/Frameworks",
				);
				MARKETING_VERSION = 1.0;
				PRODUCT_BUNDLE_IDENTIFIER = WhiteWhale.Runner;
				PRODUCT_NAME = "$(TARGET_NAME)";
				SWIFT_EMIT_LOC_STRINGS = YES;
				SWIFT_VERSION = 5.0;
				TARGETED_DEVICE_FAMILY = "1,2";
			};
			name = Release;
		};
/* End XCBuildConfiguration section */

/* Begin XCConfigurationList section */
		0171EB502AD3AE81004CDEFD /* Build configuration list for PBXProject "Runner" */ = {
			isa = XCConfigurationList;
			buildConfigurations = (
				0171EB672AD3AE83004CDEFD /* Debug */,
				0171EB682AD3AE83004CDEFD /* Release */,
			);
			defaultConfigurationIsVisible = 0;
			defaultConfigurationName = Release;
		};
		0171EB692AD3AE83004CDEFD /* Build configuration list for PBXNativeTarget "Runner" */ = {
			isa = XCConfigurationList;
			buildConfigurations = (
				0171EB6A2AD3AE83004CDEFD /* Debug */,
				0171EB6B2AD3AE83004CDEFD /* Release */,
			);
			defaultConfigurationIsVisible = 0;
			defaultConfigurationName = Release;
		};
/* End XCConfigurationList section */
	};
	rootObject = 0171EB4D2AD3AE81004CDEFD /* Project object */;
}
